
Microsoft Visual Studio Solution File, Format Version 12.00
# Visual Studio Version 16
VisualStudioVersion = 16.0.32802.440
MinimumVisualStudioVersion = 10.0.40219.1
Project("{FAE04EC0-301F-11D3-BF4B-00C04F79EFBC}") = "suma", "suma\suma.csproj", "{4AAD514A-6269-4CD4-A413-1E027A38E6D8}"
EndProject
Global
	GlobalSection(SolutionConfigurationPlatforms) = preSolution
		Debug|Any CPU = Debug|Any CPU
		Release|Any CPU = Release|Any CPU
	EndGlobalSection
	GlobalSection(ProjectConfigurationPlatforms) = postSolution
		{4AAD514A-6269-4CD4-A413-1E027A38E6D8}.Debug|Any CPU.ActiveCfg = Debug|Any CPU
		{4AAD514A-6269-4CD4-A413-1E027A38E6D8}.Debug|Any CPU.Build.0 = Debug|Any CPU
		{4AAD514A-6269-4CD4-A413-1E027A38E6D8}.Release|Any CPU.ActiveCfg = Release|Any CPU
		{4AAD514A-6269-4CD4-A413-1E027A38E6D8}.Release|Any CPU.Build.0 = Release|Any CPU
	EndGlobalSection
	GlobalSection(SolutionProperties) = preSolution
		HideSolutionNode = FALSE
	EndGlobalSection
	GlobalSection(ExtensibilityGlobals) = postSolution
		SolutionGuid = {C7AE99B5-9487-4CF1-BA20-FD022FDB0421}
	EndGlobalSection
EndGlobal
